
Microsoft Visual Studio Solution File, Format Version 12.00
# Visual Studio Version 16
VisualStudioVersion = 16.0.31729.503
MinimumVisualStudioVersion = 10.0.40219.1
Project("{FAE04EC0-301F-11D3-BF4B-00C04F79EFBC}") = "Presentación", "Presentación\Presentación.csproj", "{FE6C34EA-7788-4EB7-8CC5-E0FE7C3B16B6}"
EndProject
Global
	GlobalSection(SolutionConfigurationPlatforms) = preSolution
		Debug|Any CPU = Debug|Any CPU
		Release|Any CPU = Release|Any CPU
	EndGlobalSection
	GlobalSection(ProjectConfigurationPlatforms) = postSolution
		{FE6C34EA-7788-4EB7-8CC5-E0FE7C3B16B6}.Debug|Any CPU.ActiveCfg = Debug|Any CPU
		{FE6C34EA-7788-4EB7-8CC5-E0FE7C3B16B6}.Debug|Any CPU.Build.0 = Debug|Any CPU
		{FE6C34EA-7788-4EB7-8CC5-E0FE7C3B16B6}.Release|Any CPU.ActiveCfg = Release|Any CPU
		{FE6C34EA-7788-4EB7-8CC5-E0FE7C3B16B6}.Release|Any CPU.Build.0 = Release|Any CPU
	EndGlobalSection
	GlobalSection(SolutionProperties) = preSolution
		HideSolutionNode = FALSE
	EndGlobalSection
	GlobalSection(ExtensibilityGlobals) = postSolution
		SolutionGuid = {BF693D94-8794-4708-91AD-CC6C83D6EB3D}
	EndGlobalSection
EndGlobal
